{
  "lockfileVersion": 1,
  "configVersion": 0,
  "workspaces": {
    "": {
      "dependencies": {
        "@ai-sdk/anthropic": "^3.0.23",
        "opencode-google-search": "0.1.2",
      },
    },
  },
  "packages": {
    "@ai-sdk/anthropic": ["@ai-sdk/anthropic@3.0.23", "https://registry.npmmirror.com/@ai-sdk/anthropic/-/anthropic-3.0.23.tgz", { "dependencies": { "@ai-sdk/provider": "3.0.5", "@ai-sdk/provider-utils": "4.0.9" }, "peerDependencies": { "zod": "^3.25.76 || ^4.1.8" } }, "sha512-mu9djDW2kiJS/ihH5BwGy2c/zwSlcTjx1NWPvY/Ug12SWToqzozSyd1EIXRlfXyfwzL2CWrqMNyybqi9OVDXgg=="],

    "@ai-sdk/provider": ["@ai-sdk/provider@3.0.5", "https://registry.npmmirror.com/@ai-sdk/provider/-/provider-3.0.5.tgz", { "dependencies": { "json-schema": "^0.4.0" } }, "sha512-2Xmoq6DBJqmSl80U6V9z5jJSJP7ehaJJQMy2iFUqTay06wdCqTnPVBBQbtEL8RCChenL+q5DC5H5WzU3vV3v8w=="],

    "@ai-sdk/provider-utils": ["@ai-sdk/provider-utils@4.0.9", "https://registry.npmmirror.com/@ai-sdk/provider-utils/-/provider-utils-4.0.9.tgz", { "dependencies": { "@ai-sdk/provider": "3.0.5", "@standard-schema/spec": "^1.1.0", "eventsource-parser": "^3.0.6" }, "peerDependencies": { "zod": "^3.25.76 || ^4.1.8" } }, "sha512-bB4r6nfhBOpmoS9mePxjRoCy+LnzP3AfhyMGCkGL4Mn9clVNlqEeKj26zEKEtB6yoSVcT1IQ0Zh9fytwMCDnow=="],

    "@opencode-ai/plugin": ["@opencode-ai/plugin@1.1.36", "", { "dependencies": { "@opencode-ai/sdk": "1.1.36", "zod": "4.1.8" } }, "sha512-b2XWeFZN7UzgwkkzTIi6qSntkpEA9En2zvpqakQzZAGQm6QBdGAlv6r1u5hEnmF12Gzyj5umTMWr5GzVbP/oAA=="],

    "@opencode-ai/sdk": ["@opencode-ai/sdk@1.1.36", "", {}, "sha512-feNHWnbxhg03TI2QrWnw3Chc0eYrWSDSmHIy/ejpSVfcKlfXREw1Tpg0L4EjrpeSc4jB1eM673dh+WM/Ko2SFQ=="],

    "@standard-schema/spec": ["@standard-schema/spec@1.1.0", "https://registry.npmmirror.com/@standard-schema/spec/-/spec-1.1.0.tgz", {}, "sha512-l2aFy5jALhniG5HgqrD6jXLi/rUWrKvqN/qJx6yoJsgKhblVd+iqqU4RCXavm/jPityDo5TCvKMnpjKnOriy0w=="],

    "eventsource-parser": ["eventsource-parser@3.0.6", "https://registry.npmmirror.com/eventsource-parser/-/eventsource-parser-3.0.6.tgz", {}, "sha512-Vo1ab+QXPzZ4tCa8SwIHJFaSzy4R6SHf7BY79rFBDf0idraZWAkYrDjDj8uWaSm3S2TK+hJ7/t1CEmZ7jXw+pg=="],

    "json-schema": ["json-schema@0.4.0", "https://registry.npmmirror.com/json-schema/-/json-schema-0.4.0.tgz", {}, "sha512-es94M3nTIfsEPisRafak+HDLfHXnKBhV3vU5eqPcS3flIWqcxJWgXHXiey3YrpaNsanY5ei1VoYEbOzijuq9BA=="],

    "opencode-google-search": ["opencode-google-search@0.1.2", "", { "peerDependencies": { "@opencode-ai/plugin": "^1.1.36" } }, "sha512-mZkYSVO7abz7BptogossCnljgEpn3UyZVEOnGb8RoLPO2qjWP/HT80LewDSv878dq5tbyFtRSXsdCaM4BvShjQ=="],

    "zod": ["zod@4.3.6", "https://registry.npmmirror.com/zod/-/zod-4.3.6.tgz", {}, "sha512-rftlrkhHZOcjDwkGlnUtZZkvaPHCsDATp4pGpuOOMDaTdDDXF91wuVDJoWoPsKX/3YPQ5fHuF3STjcYyKr+Qhg=="],

    "@opencode-ai/plugin/zod": ["zod@4.1.8", "", {}, "sha512-5R1P+WwQqmmMIEACyzSvo4JXHY5WiAFHRMg+zBZKgKS+Q1viRa0C1hmUKtHltoIFKtIdki3pRxkmpP74jnNYHQ=="],
  }
}
